// !$*UTF8*$!
{
	archiveVersion = 1;
	classes = {
	};
	objectVersion = 50;
	objects = {

/* Begin PBXBuildFile section */
		0124EEC52359FD5E0008DFCD /* AppDelegate.swift in Sources */ = {isa = PBXBuildFile; fileRef = 0124EEC42359FD5E0008DFCD /* AppDelegate.swift */; };
		0124EEC72359FD5E0008DFCD /* SceneDelegate.swift in Sources */ = {isa = PBXBuildFile; fileRef = 0124EEC62359FD5E0008DFCD /* SceneDelegate.swift */; };
		0124EEC92359FD5E0008DFCD /* TodoListViewController.swift in Sources */ = {isa = PBXBuildFile; fileRef = 0124EEC82359FD5E0008DFCD /* TodoListViewController.swift */; };
		0124EECC2359FD5E0008DFCD /* Main.storyboard in Resources */ = {isa = PBXBuildFile; fileRef = 0124EECA2359FD5E0008DFCD /* Main.storyboard */; };
		0124EECE2359FD5F0008DFCD /* Assets.xcassets in Resources */ = {isa = PBXBuildFile; fileRef = 0124EECD2359FD5F0008DFCD /* Assets.xcassets */; };
		0124EED12359FD5F0008DFCD /* LaunchScreen.storyboard in Resources */ = {isa = PBXBuildFile; fileRef = 0124EECF2359FD5F0008DFCD /* LaunchScreen.storyboard */; };
		01F4EBF0235F7E35009607AE /* Item.swift in Sources */ = {isa = PBXBuildFile; fileRef = 01F4EBEF235F7E35009607AE /* Item.swift */; };
/* End PBXBuildFile section */

/* Begin PBXFileReference section */
		0124EEC12359FD5E0008DFCD /* Todoey.app */ = {isa = PBXFileReference; explicitFileType = wrapper.application; includeInIndex = 0; path = Todoey.app; sourceTree = BUILT_PRODUCTS_DIR; };
		0124EEC42359FD5E0008DFCD /* AppDelegate.swift */ = {isa = PBXFileReference; lastKnownFileType = sourcecode.swift; path = AppDelegate.swift; sourceTree = "<group>"; };
		0124EEC62359FD5E0008DFCD /* SceneDelegate.swift */ = {isa = PBXFileReference; lastKnownFileType = sourcecode.swift; path = SceneDelegate.swift; sourceTree = "<group>"; };
		0124EEC82359FD5E0008DFCD /* TodoListViewController.swift */ = {isa = PBXFileReference; lastKnownFileType = sourcecode.swift; path = TodoListViewController.swift; sourceTree = "<group>"; };
		0124EECB2359FD5E0008DFCD /* Base */ = {isa = PBXFileReference; lastKnownFileType = file.storyboard; name = Base; path = Base.lproj/Main.storyboard; sourceTree = "<group>"; };
		0124EECD2359FD5F0008DFCD /* Assets.xcassets */ = {isa = PBXFileReference; lastKnownFileType = folder.assetcatalog; path = Assets.xcassets; sourceTree = "<group>"; };
		0124EED02359FD5F0008DFCD /* Base */ = {isa = PBXFileReference; lastKnownFileType = file.storyboard; name = Base; path = Base.lproj/LaunchScreen.storyboard; sourceTree = "<group>"; };
		0124EED22359FD5F0008DFCD /* Info.plist */ = {isa = PBXFileReference; lastKnownFileType = text.plist.xml; path = Info.plist; sourceTree = "<group>"; };
		01F4EBEF235F7E35009607AE /* Item.swift */ = {isa = PBXFileReference; lastKnownFileType = sourcecode.swift; path = Item.swift; sourceTree = "<group>"; };
/* End PBXFileReference section */

/* Begin PBXFrameworksBuildPhase section */
		0124EEBE2359FD5E0008DFCD /* Frameworks */ = {
			isa = PBXFrameworksBuildPhase;
			buildActionMask = 2147483647;
			files = (
			);
			runOnlyForDeploymentPostprocessing = 0;
		};
/* End PBXFrameworksBuildPhase section */

/* Begin PBXGroup section */
		0124EEB82359FD5E0008DFCD = {
			isa = PBXGroup;
			children = (
				0124EEC32359FD5E0008DFCD /* Todoey */,
				0124EEC22359FD5E0008DFCD /* Products */,
			);
			sourceTree = "<group>";
		};
		0124EEC22359FD5E0008DFCD /* Products */ = {
			isa = PBXGroup;
			children = (
				0124EEC12359FD5E0008DFCD /* Todoey.app */,
			);
			name = Products;
			sourceTree = "<group>";
		};
		0124EEC32359FD5E0008DFCD /* Todoey */ = {
			isa = PBXGroup;
			children = (
				0124EEC42359FD5E0008DFCD /* AppDelegate.swift */,
				0124EEC62359FD5E0008DFCD /* SceneDelegate.swift */,
				01F4EBF2235F7E49009607AE /* Controllers */,
				01F4EBF3235F7E54009607AE /* Views */,
				01F4EBF4235F7E65009607AE /* Supporting Files */,
				01F4EBF1235F7E3C009607AE /* Data Model */,
				0124EED22359FD5F0008DFCD /* Info.plist */,
			);
			path = Todoey;
			sourceTree = "<group>";
		};
		01F4EBF1235F7E3C009607AE /* Data Model */ = {
			isa = PBXGroup;
			children = (
				01F4EBEF235F7E35009607AE /* Item.swift */,
			);
			path = "Data Model";
			sourceTree = "<group>";
		};
		01F4EBF2235F7E49009607AE /* Controllers */ = {
			isa = PBXGroup;
			children = (
				0124EEC82359FD5E0008DFCD /* TodoListViewController.swift */,
			);
			path = Controllers;
			sourceTree = "<group>";
		};
		01F4EBF3235F7E54009607AE /* Views */ = {
			isa = PBXGroup;
			children = (
				0124EECA2359FD5E0008DFCD /* Main.storyboard */,
			);
			path = Views;
			sourceTree = "<group>";
		};
		01F4EBF4235F7E65009607AE /* Supporting Files */ = {
			isa = PBXGroup;
			children = (
				0124EECD2359FD5F0008DFCD /* Assets.xcassets */,
				0124EECF2359FD5F0008DFCD /* LaunchScreen.storyboard */,
			);
			path = "Supporting Files";
			sourceTree = "<group>";
		};
/* End PBXGroup section */

/* Begin PBXNativeTarget section */
		0124EEC02359FD5E0008DFCD /* Todoey */ = {
			isa = PBXNativeTarget;
			buildConfigurationList = 0124EED52359FD5F0008DFCD /* Build configuration list for PBXNativeTarget "Todoey" */;
			buildPhases = (
				0124EEBD2359FD5E0008DFCD /* Sources */,
				0124EEBE2359FD5E0008DFCD /* Frameworks */,
				0124EEBF2359FD5E0008DFCD /* Resources */,
			);
			buildRules = (
			);
			dependencies = (
			);
			name = Todoey;
			productName = Todoey;
			productReference = 0124EEC12359FD5E0008DFCD /* Todoey.app */;
			productType = "com.apple.product-type.application";
		};
/* End PBXNativeTarget section */

/* Begin PBXProject section */
		0124EEB92359FD5E0008DFCD /* Project object */ = {
			isa = PBXProject;
			attributes = {
				LastSwiftUpdateCheck = 1110;
				LastUpgradeCheck = 1110;
				ORGANIZATIONNAME = "Frank Lockett";
				TargetAttributes = {
					0124EEC02359FD5E0008DFCD = {
						CreatedOnToolsVersion = 11.1;
					};
				};
			};
			buildConfigurationList = 0124EEBC2359FD5E0008DFCD /* Build configuration list for PBXProject "Todoey" */;
			compatibilityVersion = "Xcode 9.3";
			developmentRegion = en;
			hasScannedForEncodings = 0;
			knownRegions = (
				en,
				Base,
			);
			mainGroup = 0124EEB82359FD5E0008DFCD;
			productRefGroup = 0124EEC22359FD5E0008DFCD /* Products */;
			projectDirPath = "";
			projectRoot = "";
			targets = (
				0124EEC02359FD5E0008DFCD /* Todoey */,
			);
		};
/* End PBXProject section */

/* Begin PBXResourcesBuildPhase section */
		0124EEBF2359FD5E0008DFCD /* Resources */ = {
			isa = PBXResourcesBuildPhase;
			buildActionMask = 2147483647;
			files = (
				0124EED12359FD5F0008DFCD /* LaunchScreen.storyboard in Resources */,
				0124EECE2359FD5F0008DFCD /* Assets.xcassets in Resources */,
				0124EECC2359FD5E0008DFCD /* Main.storyboard in Resources */,
			);
			runOnlyForDeploymentPostprocessing = 0;
		};
/* End PBXResourcesBuildPhase section */

/* Begin PBXSourcesBuildPhase section */
		0124EEBD2359FD5E0008DFCD /* Sources */ = {
			isa = PBXSourcesBuildPhase;
			buildActionMask = 2147483647;
			files = (
				01F4EBF0235F7E35009607AE /* Item.swift in Sources */,
				0124EEC92359FD5E0008DFCD /* TodoListViewController.swift in Sources */,
				0124EEC52359FD5E0008DFCD /* AppDelegate.swift in Sources */,
				0124EEC72359FD5E0008DFCD /* SceneDelegate.swift in Sources */,
			);
			runOnlyForDeploymentPostprocessing = 0;
		};
/* End PBXSourcesBuildPhase section */

/* Begin PBXVariantGroup section */
		0124EECA2359FD5E0008DFCD /* Main.storyboard */ = {
			isa = PBXVariantGroup;
			children = (
				0124EECB2359FD5E0008DFCD /* Base */,
			);
			name = Main.storyboard;
			sourceTree = "<group>";
		};
		0124EECF2359FD5F0008DFCD /* LaunchScreen.storyboard */ = {
			isa = PBXVariantGroup;
			children = (
				0124EED02359FD5F0008DFCD /* Base */,
			);
			name = LaunchScreen.storyboard;
			sourceTree = "<group>";
		};
/* End PBXVariantGroup section */

/* Begin XCBuildConfiguration section */
		0124EED32359FD5F0008DFCD /* Debug */ = {
			isa = XCBuildConfiguration;
			buildSettings = {
				ALWAYS_SEARCH_USER_PATHS = NO;
				CLANG_ANALYZER_NONNULL = YES;
				CLANG_ANALYZER_NUMBER_OBJECT_CONVERSION = YES_AGGRESSIVE;
				CLANG_CXX_LANGUAGE_STANDARD = "gnu++14";
				CLANG_CXX_LIBRARY = "libc++";
				CLANG_ENABLE_MODULES = YES;
				CLANG_ENABLE_OBJC_ARC = YES;
				CLANG_ENABLE_OBJC_WEAK = YES;
				CLANG_WARN_BLOCK_CAPTURE_AUTORELEASING = YES;
				CLANG_WARN_BOOL_CONVERSION = YES;
				CLANG_WARN_COMMA = YES;
				CLANG_WARN_CONSTANT_CONVERSION = YES;
				CLANG_WARN_DEPRECATED_OBJC_IMPLEMENTATIONS = YES;
				CLANG_WARN_DIRECT_OBJC_ISA_USAGE = YES_ERROR;
				CLANG_WARN_DOCUMENTATION_COMMENTS = YES;
				CLANG_WARN_EMPTY_BODY = YES;
				CLANG_WARN_ENUM_CONVERSION = YES;
				CLANG_WARN_INFINITE_RECURSION = YES;
				CLANG_WARN_INT_CONVERSION = YES;
				CLANG_WARN_NON_LITERAL_NULL_CONVERSION = YES;
				CLANG_WARN_OBJC_IMPLICIT_RETAIN_SELF = YES;
				CLANG_WARN_OBJC_LITERAL_CONVERSION = YES;
				CLANG_WARN_OBJC_ROOT_CLASS = YES_ERROR;
				CLANG_WARN_RANGE_LOOP_ANALYSIS = YES;
				CLANG_WARN_STRICT_PROTOTYPES = YES;
				CLANG_WARN_SUSPICIOUS_MOVE = YES;
				CLANG_WARN_UNGUARDED_AVAILABILITY = YES_AGGRESSIVE;
				CLANG_WARN_UNREACHABLE_CODE = YES;
				CLANG_WARN__DUPLICATE_METHOD_MATCH = YES;
				COPY_PHASE_STRIP = NO;
				DEBUG_INFORMATION_FORMAT = dwarf;
				ENABLE_STRICT_OBJC_MSGSEND = YES;
				ENABLE_TESTABILITY = YES;
				GCC_C_LANGUAGE_STANDARD = gnu11;
				GCC_DYNAMIC_NO_PIC = NO;
				GCC_NO_COMMON_BLOCKS = YES;
				GCC_OPTIMIZATION_LEVEL = 0;
				GCC_PREPROCESSOR_DEFINITIONS = (
					"DEBUG=1",
					"$(inherited)",
				);
				GCC_WARN_64_TO_32_BIT_CONVERSION = YES;
				GCC_WARN_ABOUT_RETURN_TYPE = YES_ERROR;
				GCC_WARN_UNDECLARED_SELECTOR = YES;
				GCC_WARN_UNINITIALIZED_AUTOS = YES_AGGRESSIVE;
				GCC_WARN_UNUSED_FUNCTION = YES;
				GCC_WARN_UNUSED_VARIABLE = YES;
				IPHONEOS_DEPLOYMENT_TARGET = 13.1;
				MTL_ENABLE_DEBUG_INFO = INCLUDE_SOURCE;
				MTL_FAST_MATH = YES;
				ONLY_ACTIVE_ARCH = YES;
				SDKROOT = iphoneos;
				SWIFT_ACTIVE_COMPILATION_CONDITIONS = DEBUG;
				SWIFT_OPTIMIZATION_LEVEL = "-Onone";
			};
			name = Debug;
		};
		0124EED42359FD5F0008DFCD /* Release */ = {
			isa = XCBuildConfiguration;
			buildSettings = {
				ALWAYS_SEARCH_USER_PATHS = NO;
				CLANG_ANALYZER_NONNULL = YES;
				CLANG_ANALYZER_NUMBER_OBJECT_CONVERSION = YES_AGGRESSIVE;
				CLANG_CXX_LANGUAGE_STANDARD = "gnu++14";
				CLANG_CXX_LIBRARY = "libc++";
				CLANG_ENABLE_MODULES = YES;
				CLANG_ENABLE_OBJC_ARC = YES;
				CLANG_ENABLE_OBJC_WEAK = YES;
				CLANG_WARN_BLOCK_CAPTURE_AUTORELEASING = YES;
				CLANG_WARN_BOOL_CONVERSION = YES;
				CLANG_WARN_COMMA = YES;
				CLANG_WARN_CONSTANT_CONVERSION = YES;
				CLANG_WARN_DEPRECATED_OBJC_IMPLEMENTATIONS = YES;
				CLANG_WARN_DIRECT_OBJC_ISA_USAGE = YES_ERROR;
				CLANG_WARN_DOCUMENTATION_COMMENTS = YES;
				CLANG_WARN_EMPTY_BODY = YES;
				CLANG_WARN_ENUM_CONVERSION = YES;
				CLANG_WARN_INFINITE_RECURSION = YES;
				CLANG_WARN_INT_CONVERSION = YES;
				CLANG_WARN_NON_LITERAL_NULL_CONVERSION = YES;
				CLANG_WARN_OBJC_IMPLICIT_RETAIN_SELF = YES;
				CLANG_WARN_OBJC_LITERAL_CONVERSION = YES;
				CLANG_WARN_OBJC_ROOT_CLASS = YES_ERROR;
				CLANG_WARN_RANGE_LOOP_ANALYSIS = YES;
				CLANG_WARN_STRICT_PROTOTYPES = YES;
				CLANG_WARN_SUSPICIOUS_MOVE = YES;
				CLANG_WARN_UNGUARDED_AVAILABILITY = YES_AGGRESSIVE;
				CLANG_WARN_UNREACHABLE_CODE = YES;
				CLANG_WARN__DUPLICATE_METHOD_MATCH = YES;
				COPY_PHASE_STRIP = NO;
				DEBUG_INFORMATION_FORMAT = "dwarf-with-dsym";
				ENABLE_NS_ASSERTIONS = NO;
				ENABLE_STRICT_OBJC_MSGSEND = YES;
				GCC_C_LANGUAGE_STANDARD = gnu11;
				GCC_NO_COMMON_BLOCKS = YES;
				GCC_WARN_64_TO_32_BIT_CONVERSION = YES;
				GCC_WARN_ABOUT_RETURN_TYPE = YES_ERROR;
				GCC_WARN_UNDECLARED_SELECTOR = YES;
				GCC_WARN_UNINITIALIZED_AUTOS = YES_AGGRESSIVE;
				GCC_WARN_UNUSED_FUNCTION = YES;
				GCC_WARN_UNUSED_VARIABLE = YES;
				IPHONEOS_DEPLOYMENT_TARGET = 13.1;
				MTL_ENABLE_DEBUG_INFO = NO;
				MTL_FAST_MATH = YES;
				SDKROOT = iphoneos;
				SWIFT_COMPILATION_MODE = wholemodule;
				SWIFT_OPTIMIZATION_LEVEL = "-O";
				VALIDATE_PRODUCT = YES;
			};
			name = Release;
		};
		0124EED62359FD5F0008DFCD /* Debug */ = {
			isa = XCBuildConfiguration;
			buildSettings = {
				ASSETCATALOG_COMPILER_APPICON_NAME = AppIcon;
				CODE_SIGN_STYLE = Automatic;
				DEVELOPMENT_TEAM = 5Y6G2B6R55;
				INFOPLIST_FILE = Todoey/Info.plist;
				LD_RUNPATH_SEARCH_PATHS = (
					"$(inherited)",
					"@executable_path/Frameworks",
				);
				PRODUCT_BUNDLE_IDENTIFIER = com.franklockett.Todoey;
				PRODUCT_NAME = "$(TARGET_NAME)";
				SWIFT_VERSION = 5.0;
				TARGETED_DEVICE_FAMILY = "1,2";
			};
			name = Debug;
		};
		0124EED72359FD5F0008DFCD /* Release */ = {
			isa = XCBuildConfiguration;
			buildSettings = {
				ASSETCATALOG_COMPILER_APPICON_NAME = AppIcon;
				CODE_SIGN_STYLE = Automatic;
				DEVELOPMENT_TEAM = 5Y6G2B6R55;
				INFOPLIST_FILE = Todoey/Info.plist;
				LD_RUNPATH_SEARCH_PATHS = (
					"$(inherited)",
					"@executable_path/Frameworks",
				);
				PRODUCT_BUNDLE_IDENTIFIER = com.franklockett.Todoey;
				PRODUCT_NAME = "$(TARGET_NAME)";
				SWIFT_VERSION = 5.0;
				TARGETED_DEVICE_FAMILY = "1,2";
			};
			name = Release;
		};
/* End XCBuildConfiguration section */

/* Begin XCConfigurationList section */
		0124EEBC2359FD5E0008DFCD /* Build configuration list for PBXProject "Todoey" */ = {
			isa = XCConfigurationList;
			buildConfigurations = (
				0124EED32359FD5F0008DFCD /* Debug */,
				0124EED42359FD5F0008DFCD /* Release */,
			);
			defaultConfigurationIsVisible = 0;
			defaultConfigurationName = Release;
		};
		0124EED52359FD5F0008DFCD /* Build configuration list for PBXNativeTarget "Todoey" */ = {
			isa = XCConfigurationList;
			buildConfigurations = (
				0124EED62359FD5F0008DFCD /* Debug */,
				0124EED72359FD5F0008DFCD /* Release */,
			);
			defaultConfigurationIsVisible = 0;
			defaultConfigurationName = Release;
		};
/* End XCConfigurationList section */
	};
	rootObject = 0124EEB92359FD5E0008DFCD /* Project object */;
}
